
Microsoft Visual Studio Solution File, Format Version 12.00
# Visual Studio 15
VisualStudioVersion = 15.0.27130.2020
MinimumVisualStudioVersion = 10.0.40219.1
Project("{FAE04EC0-301F-11D3-BF4B-00C04F79EFBC}") = "CityTowerServer", "CityTowerServer\CityTowerServer.csproj", "{4905015B-DCC4-4268-BB80-36DF3F1CBEC7}"
	ProjectSection(ProjectDependencies) = postProject
		{7227F216-259F-482C-8FFD-60B5A1C32D25} = {7227F216-259F-482C-8FFD-60B5A1C32D25}
	EndProjectSection
EndProject
Project("{FAE04EC0-301F-11D3-BF4B-00C04F79EFBC}") = "DataAccessLayer", "DataAccessLayer\DataAccessLayer.csproj", "{7227F216-259F-482C-8FFD-60B5A1C32D25}"
EndProject
Global
	GlobalSection(SolutionConfigurationPlatforms) = preSolution
		Debug|Any CPU = Debug|Any CPU
		Release|Any CPU = Release|Any CPU
	EndGlobalSection
	GlobalSection(ProjectConfigurationPlatforms) = postSolution
		{4905015B-DCC4-4268-BB80-36DF3F1CBEC7}.Debug|Any CPU.ActiveCfg = Debug|Any CPU
		{4905015B-DCC4-4268-BB80-36DF3F1CBEC7}.Debug|Any CPU.Build.0 = Debug|Any CPU
		{4905015B-DCC4-4268-BB80-36DF3F1CBEC7}.Release|Any CPU.ActiveCfg = Release|Any CPU
		{4905015B-DCC4-4268-BB80-36DF3F1CBEC7}.Release|Any CPU.Build.0 = Release|Any CPU
		{7227F216-259F-482C-8FFD-60B5A1C32D25}.Debug|Any CPU.ActiveCfg = Debug|Any CPU
		{7227F216-259F-482C-8FFD-60B5A1C32D25}.Debug|Any CPU.Build.0 = Debug|Any CPU
		{7227F216-259F-482C-8FFD-60B5A1C32D25}.Release|Any CPU.ActiveCfg = Release|Any CPU
		{7227F216-259F-482C-8FFD-60B5A1C32D25}.Release|Any CPU.Build.0 = Release|Any CPU
	EndGlobalSection
	GlobalSection(SolutionProperties) = preSolution
		HideSolutionNode = FALSE
	EndGlobalSection
	GlobalSection(ExtensibilityGlobals) = postSolution
		SolutionGuid = {0EBE475B-22CA-41C9-B1B7-8D945932FCF2}
	EndGlobalSection
EndGlobal
